// !$*UTF8*$!
{
	archiveVersion = 1;
	classes = {
	};
	objectVersion = 46;
	objects = {

/* Begin PBXBuildFile section */
		34879B8719F4D0E100E961F2 /* main.m in Sources */ = {isa = PBXBuildFile; fileRef = 34879B8619F4D0E100E961F2 /* main.m */; };
		34879B9219F4D0E100E961F2 /* Images.xcassets in Resources */ = {isa = PBXBuildFile; fileRef = 34879B9119F4D0E100E961F2 /* Images.xcassets */; };
		34879B9519F4D0E100E961F2 /* LaunchScreen.xib in Resources */ = {isa = PBXBuildFile; fileRef = 34879B9319F4D0E100E961F2 /* LaunchScreen.xib */; };
		34879BA119F4D0E100E961F2 /* RunLoopDemoTests.m in Sources */ = {isa = PBXBuildFile; fileRef = 34879BA019F4D0E100E961F2 /* RunLoopDemoTests.m */; };
		34879BBC19F50ADA00E961F2 /* CCRunLoopInputSource.m in Sources */ = {isa = PBXBuildFile; fileRef = 34879BB919F50ADA00E961F2 /* CCRunLoopInputSource.m */; };
		34879BBD19F50ADA00E961F2 /* CCRunLoopCustomInputSourceThread.m in Sources */ = {isa = PBXBuildFile; fileRef = 34879BBB19F50ADA00E961F2 /* CCRunLoopCustomInputSourceThread.m */; };
		34879BC419F50B0300E961F2 /* CCAppDelegate.m in Sources */ = {isa = PBXBuildFile; fileRef = 34879BBF19F50B0300E961F2 /* CCAppDelegate.m */; };
		34879BC519F50B0300E961F2 /* CCTestRunLoopViewController.m in Sources */ = {isa = PBXBuildFile; fileRef = 34879BC119F50B0300E961F2 /* CCTestRunLoopViewController.m */; };
		34879BC619F50B0300E961F2 /* CCRunLoopThread.m in Sources */ = {isa = PBXBuildFile; fileRef = 34879BC319F50B0300E961F2 /* CCRunLoopThread.m */; };
/* End PBXBuildFile section */

/* Begin PBXContainerItemProxy section */
		34879B9B19F4D0E100E961F2 /* PBXContainerItemProxy */ = {
			isa = PBXContainerItemProxy;
			containerPortal = 34879B7919F4D0E100E961F2 /* Project object */;
			proxyType = 1;
			remoteGlobalIDString = 34879B8019F4D0E100E961F2;
			remoteInfo = RunLoopDemo;
		};
/* End PBXContainerItemProxy section */

/* Begin PBXFileReference section */
		34879B8119F4D0E100E961F2 /* RunLoopDemo.app */ = {isa = PBXFileReference; explicitFileType = wrapper.application; includeInIndex = 0; path = RunLoopDemo.app; sourceTree = BUILT_PRODUCTS_DIR; };
		34879B8519F4D0E100E961F2 /* Info.plist */ = {isa = PBXFileReference; lastKnownFileType = text.plist.xml; path = Info.plist; sourceTree = "<group>"; };
		34879B8619F4D0E100E961F2 /* main.m */ = {isa = PBXFileReference; lastKnownFileType = sourcecode.c.objc; path = main.m; sourceTree = "<group>"; };
		34879B9119F4D0E100E961F2 /* Images.xcassets */ = {isa = PBXFileReference; lastKnownFileType = folder.assetcatalog; path = Images.xcassets; sourceTree = "<group>"; };
		34879B9419F4D0E100E961F2 /* Base */ = {isa = PBXFileReference; lastKnownFileType = file.xib; name = Base; path = Base.lproj/LaunchScreen.xib; sourceTree = "<group>"; };
		34879B9A19F4D0E100E961F2 /* RunLoopDemoTests.xctest */ = {isa = PBXFileReference; explicitFileType = wrapper.cfbundle; includeInIndex = 0; path = RunLoopDemoTests.xctest; sourceTree = BUILT_PRODUCTS_DIR; };
		34879B9F19F4D0E100E961F2 /* Info.plist */ = {isa = PBXFileReference; lastKnownFileType = text.plist.xml; path = Info.plist; sourceTree = "<group>"; };
		34879BA019F4D0E100E961F2 /* RunLoopDemoTests.m */ = {isa = PBXFileReference; lastKnownFileType = sourcecode.c.objc; path = RunLoopDemoTests.m; sourceTree = "<group>"; };
		34879BB819F50ADA00E961F2 /* CCRunLoopInputSource.h */ = {isa = PBXFileReference; fileEncoding = 4; lastKnownFileType = sourcecode.c.h; path = CCRunLoopInputSource.h; sourceTree = "<group>"; };
		34879BB919F50ADA00E961F2 /* CCRunLoopInputSource.m */ = {isa = PBXFileReference; fileEncoding = 4; lastKnownFileType = sourcecode.c.objc; path = CCRunLoopInputSource.m; sourceTree = "<group>"; };
		34879BBA19F50ADA00E961F2 /* CCRunLoopCustomInputSourceThread.h */ = {isa = PBXFileReference; fileEncoding = 4; lastKnownFileType = sourcecode.c.h; path = CCRunLoopCustomInputSourceThread.h; sourceTree = "<group>"; };
		34879BBB19F50ADA00E961F2 /* CCRunLoopCustomInputSourceThread.m */ = {isa = PBXFileReference; fileEncoding = 4; lastKnownFileType = sourcecode.c.objc; path = CCRunLoopCustomInputSourceThread.m; sourceTree = "<group>"; };
		34879BBE19F50B0300E961F2 /* CCAppDelegate.h */ = {isa = PBXFileReference; fileEncoding = 4; lastKnownFileType = sourcecode.c.h; path = CCAppDelegate.h; sourceTree = "<group>"; };
		34879BBF19F50B0300E961F2 /* CCAppDelegate.m */ = {isa = PBXFileReference; fileEncoding = 4; lastKnownFileType = sourcecode.c.objc; path = CCAppDelegate.m; sourceTree = "<group>"; };
		34879BC019F50B0300E961F2 /* CCTestRunLoopViewController.h */ = {isa = PBXFileReference; fileEncoding = 4; lastKnownFileType = sourcecode.c.h; path = CCTestRunLoopViewController.h; sourceTree = "<group>"; };
		34879BC119F50B0300E961F2 /* CCTestRunLoopViewController.m */ = {isa = PBXFileReference; fileEncoding = 4; lastKnownFileType = sourcecode.c.objc; path = CCTestRunLoopViewController.m; sourceTree = "<group>"; };
		34879BC219F50B0300E961F2 /* CCRunLoopThread.h */ = {isa = PBXFileReference; fileEncoding = 4; lastKnownFileType = sourcecode.c.h; path = CCRunLoopThread.h; sourceTree = "<group>"; };
		34879BC319F50B0300E961F2 /* CCRunLoopThread.m */ = {isa = PBXFileReference; fileEncoding = 4; lastKnownFileType = sourcecode.c.objc; path = CCRunLoopThread.m; sourceTree = "<group>"; };
/* End PBXFileReference section */

/* Begin PBXFrameworksBuildPhase section */
		34879B7E19F4D0E100E961F2 /* Frameworks */ = {
			isa = PBXFrameworksBuildPhase;
			buildActionMask = 2147483647;
			files = (
			);
			runOnlyForDeploymentPostprocessing = 0;
		};
		34879B9719F4D0E100E961F2 /* Frameworks */ = {
			isa = PBXFrameworksBuildPhase;
			buildActionMask = 2147483647;
			files = (
			);
			runOnlyForDeploymentPostprocessing = 0;
		};
/* End PBXFrameworksBuildPhase section */

/* Begin PBXGroup section */
		34879B7819F4D0E100E961F2 = {
			isa = PBXGroup;
			children = (
				34879B8319F4D0E100E961F2 /* RunLoopDemo */,
				34879B9D19F4D0E100E961F2 /* RunLoopDemoTests */,
				34879B8219F4D0E100E961F2 /* Products */,
			);
			sourceTree = "<group>";
		};
		34879B8219F4D0E100E961F2 /* Products */ = {
			isa = PBXGroup;
			children = (
				34879B8119F4D0E100E961F2 /* RunLoopDemo.app */,
				34879B9A19F4D0E100E961F2 /* RunLoopDemoTests.xctest */,
			);
			name = Products;
			sourceTree = "<group>";
		};
		34879B8319F4D0E100E961F2 /* RunLoopDemo */ = {
			isa = PBXGroup;
			children = (
				34879BBE19F50B0300E961F2 /* CCAppDelegate.h */,
				34879BBF19F50B0300E961F2 /* CCAppDelegate.m */,
				34879BC019F50B0300E961F2 /* CCTestRunLoopViewController.h */,
				34879BC119F50B0300E961F2 /* CCTestRunLoopViewController.m */,
				34879BC219F50B0300E961F2 /* CCRunLoopThread.h */,
				34879BC319F50B0300E961F2 /* CCRunLoopThread.m */,
				34879BB719F50AD200E961F2 /* ConfigureRunLoopSource */,
				34879B9119F4D0E100E961F2 /* Images.xcassets */,
				34879B9319F4D0E100E961F2 /* LaunchScreen.xib */,
				34879B8419F4D0E100E961F2 /* Supporting Files */,
			);
			path = RunLoopDemo;
			sourceTree = "<group>";
		};
		34879B8419F4D0E100E961F2 /* Supporting Files */ = {
			isa = PBXGroup;
			children = (
				34879B8519F4D0E100E961F2 /* Info.plist */,
				34879B8619F4D0E100E961F2 /* main.m */,
			);
			name = "Supporting Files";
			sourceTree = "<group>";
		};
		34879B9D19F4D0E100E961F2 /* RunLoopDemoTests */ = {
			isa = PBXGroup;
			children = (
				34879BA019F4D0E100E961F2 /* RunLoopDemoTests.m */,
				34879B9E19F4D0E100E961F2 /* Supporting Files */,
			);
			path = RunLoopDemoTests;
			sourceTree = "<group>";
		};
		34879B9E19F4D0E100E961F2 /* Supporting Files */ = {
			isa = PBXGroup;
			children = (
				34879B9F19F4D0E100E961F2 /* Info.plist */,
			);
			name = "Supporting Files";
			sourceTree = "<group>";
		};
		34879BB719F50AD200E961F2 /* ConfigureRunLoopSource */ = {
			isa = PBXGroup;
			children = (
				34879BB819F50ADA00E961F2 /* CCRunLoopInputSource.h */,
				34879BB919F50ADA00E961F2 /* CCRunLoopInputSource.m */,
				34879BBA19F50ADA00E961F2 /* CCRunLoopCustomInputSourceThread.h */,
				34879BBB19F50ADA00E961F2 /* CCRunLoopCustomInputSourceThread.m */,
			);
			name = ConfigureRunLoopSource;
			sourceTree = "<group>";
		};
/* End PBXGroup section */

/* Begin PBXNativeTarget section */
		34879B8019F4D0E100E961F2 /* RunLoopDemo */ = {
			isa = PBXNativeTarget;
			buildConfigurationList = 34879BA419F4D0E100E961F2 /* Build configuration list for PBXNativeTarget "RunLoopDemo" */;
			buildPhases = (
				34879B7D19F4D0E100E961F2 /* Sources */,
				34879B7E19F4D0E100E961F2 /* Frameworks */,
				34879B7F19F4D0E100E961F2 /* Resources */,
			);
			buildRules = (
			);
			dependencies = (
			);
			name = RunLoopDemo;
			productName = RunLoopDemo;
			productReference = 34879B8119F4D0E100E961F2 /* RunLoopDemo.app */;
			productType = "com.apple.product-type.application";
		};
		34879B9919F4D0E100E961F2 /* RunLoopDemoTests */ = {
			isa = PBXNativeTarget;
			buildConfigurationList = 34879BA719F4D0E100E961F2 /* Build configuration list for PBXNativeTarget "RunLoopDemoTests" */;
			buildPhases = (
				34879B9619F4D0E100E961F2 /* Sources */,
				34879B9719F4D0E100E961F2 /* Frameworks */,
				34879B9819F4D0E100E961F2 /* Resources */,
			);
			buildRules = (
			);
			dependencies = (
				34879B9C19F4D0E100E961F2 /* PBXTargetDependency */,
			);
			name = RunLoopDemoTests;
			productName = RunLoopDemoTests;
			productReference = 34879B9A19F4D0E100E961F2 /* RunLoopDemoTests.xctest */;
			productType = "com.apple.product-type.bundle.unit-test";
		};
/* End PBXNativeTarget section */

/* Begin PBXProject section */
		34879B7919F4D0E100E961F2 /* Project object */ = {
			isa = PBXProject;
			attributes = {
				LastUpgradeCheck = 0600;
				ORGANIZATIONNAME = "Chun Tips";
				TargetAttributes = {
					34879B8019F4D0E100E961F2 = {
						CreatedOnToolsVersion = 6.0.1;
					};
					34879B9919F4D0E100E961F2 = {
						CreatedOnToolsVersion = 6.0.1;
						TestTargetID = 34879B8019F4D0E100E961F2;
					};
				};
			};
			buildConfigurationList = 34879B7C19F4D0E100E961F2 /* Build configuration list for PBXProject "RunLoopDemo" */;
			compatibilityVersion = "Xcode 3.2";
			developmentRegion = English;
			hasScannedForEncodings = 0;
			knownRegions = (
				en,
				Base,
			);
			mainGroup = 34879B7819F4D0E100E961F2;
			productRefGroup = 34879B8219F4D0E100E961F2 /* Products */;
			projectDirPath = "";
			projectRoot = "";
			targets = (
				34879B8019F4D0E100E961F2 /* RunLoopDemo */,
				34879B9919F4D0E100E961F2 /* RunLoopDemoTests */,
			);
		};
/* End PBXProject section */

/* Begin PBXResourcesBuildPhase section */
		34879B7F19F4D0E100E961F2 /* Resources */ = {
			isa = PBXResourcesBuildPhase;
			buildActionMask = 2147483647;
			files = (
				34879B9519F4D0E100E961F2 /* LaunchScreen.xib in Resources */,
				34879B9219F4D0E100E961F2 /* Images.xcassets in Resources */,
			);
			runOnlyForDeploymentPostprocessing = 0;
		};
		34879B9819F4D0E100E961F2 /* Resources */ = {
			isa = PBXResourcesBuildPhase;
			buildActionMask = 2147483647;
			files = (
			);
			runOnlyForDeploymentPostprocessing = 0;
		};
/* End PBXResourcesBuildPhase section */

/* Begin PBXSourcesBuildPhase section */
		34879B7D19F4D0E100E961F2 /* Sources */ = {
			isa = PBXSourcesBuildPhase;
			buildActionMask = 2147483647;
			files = (
				34879BC419F50B0300E961F2 /* CCAppDelegate.m in Sources */,
				34879BC519F50B0300E961F2 /* CCTestRunLoopViewController.m in Sources */,
				34879BBC19F50ADA00E961F2 /* CCRunLoopInputSource.m in Sources */,
				34879BBD19F50ADA00E961F2 /* CCRunLoopCustomInputSourceThread.m in Sources */,
				34879B8719F4D0E100E961F2 /* main.m in Sources */,
				34879BC619F50B0300E961F2 /* CCRunLoopThread.m in Sources */,
			);
			runOnlyForDeploymentPostprocessing = 0;
		};
		34879B9619F4D0E100E961F2 /* Sources */ = {
			isa = PBXSourcesBuildPhase;
			buildActionMask = 2147483647;
			files = (
				34879BA119F4D0E100E961F2 /* RunLoopDemoTests.m in Sources */,
			);
			runOnlyForDeploymentPostprocessing = 0;
		};
/* End PBXSourcesBuildPhase section */

/* Begin PBXTargetDependency section */
		34879B9C19F4D0E100E961F2 /* PBXTargetDependency */ = {
			isa = PBXTargetDependency;
			target = 34879B8019F4D0E100E961F2 /* RunLoopDemo */;
			targetProxy = 34879B9B19F4D0E100E961F2 /* PBXContainerItemProxy */;
		};
/* End PBXTargetDependency section */

/* Begin PBXVariantGroup section */
		34879B9319F4D0E100E961F2 /* LaunchScreen.xib */ = {
			isa = PBXVariantGroup;
			children = (
				34879B9419F4D0E100E961F2 /* Base */,
			);
			name = LaunchScreen.xib;
			sourceTree = "<group>";
		};
/* End PBXVariantGroup section */

/* Begin XCBuildConfiguration section */
		34879BA219F4D0E100E961F2 /* Debug */ = {
			isa = XCBuildConfiguration;
			buildSettings = {
				ALWAYS_SEARCH_USER_PATHS = NO;
				CLANG_CXX_LANGUAGE_STANDARD = "gnu++0x";
				CLANG_CXX_LIBRARY = "libc++";
				CLANG_ENABLE_MODULES = YES;
				CLANG_ENABLE_OBJC_ARC = YES;
				CLANG_WARN_BOOL_CONVERSION = YES;
				CLANG_WARN_CONSTANT_CONVERSION = YES;
				CLANG_WARN_DIRECT_OBJC_ISA_USAGE = YES_ERROR;
				CLANG_WARN_EMPTY_BODY = YES;
				CLANG_WARN_ENUM_CONVERSION = YES;
				CLANG_WARN_INT_CONVERSION = YES;
				CLANG_WARN_OBJC_ROOT_CLASS = YES_ERROR;
				CLANG_WARN_UNREACHABLE_CODE = YES;
				CLANG_WARN__DUPLICATE_METHOD_MATCH = YES;
				"CODE_SIGN_IDENTITY[sdk=iphoneos*]" = "iPhone Developer";
				COPY_PHASE_STRIP = NO;
				ENABLE_STRICT_OBJC_MSGSEND = YES;
				GCC_C_LANGUAGE_STANDARD = gnu99;
				GCC_DYNAMIC_NO_PIC = NO;
				GCC_OPTIMIZATION_LEVEL = 0;
				GCC_PREPROCESSOR_DEFINITIONS = (
					"DEBUG=1",
					"$(inherited)",
				);
				GCC_SYMBOLS_PRIVATE_EXTERN = NO;
				GCC_WARN_64_TO_32_BIT_CONVERSION = YES;
				GCC_WARN_ABOUT_RETURN_TYPE = YES_ERROR;
				GCC_WARN_UNDECLARED_SELECTOR = YES;
				GCC_WARN_UNINITIALIZED_AUTOS = YES_AGGRESSIVE;
				GCC_WARN_UNUSED_FUNCTION = YES;
				GCC_WARN_UNUSED_VARIABLE = YES;
				IPHONEOS_DEPLOYMENT_TARGET = 8.0;
				MTL_ENABLE_DEBUG_INFO = YES;
				ONLY_ACTIVE_ARCH = YES;
				SDKROOT = iphoneos;
			};
			name = Debug;
		};
		34879BA319F4D0E100E961F2 /* Release */ = {
			isa = XCBuildConfiguration;
			buildSettings = {
				ALWAYS_SEARCH_USER_PATHS = NO;
				CLANG_CXX_LANGUAGE_STANDARD = "gnu++0x";
				CLANG_CXX_LIBRARY = "libc++";
				CLANG_ENABLE_MODULES = YES;
				CLANG_ENABLE_OBJC_ARC = YES;
				CLANG_WARN_BOOL_CONVERSION = YES;
				CLANG_WARN_CONSTANT_CONVERSION = YES;
				CLANG_WARN_DIRECT_OBJC_ISA_USAGE = YES_ERROR;
				CLANG_WARN_EMPTY_BODY = YES;
				CLANG_WARN_ENUM_CONVERSION = YES;
				CLANG_WARN_INT_CONVERSION = YES;
				CLANG_WARN_OBJC_ROOT_CLASS = YES_ERROR;
				CLANG_WARN_UNREACHABLE_CODE = YES;
				CLANG_WARN__DUPLICATE_METHOD_MATCH = YES;
				"CODE_SIGN_IDENTITY[sdk=iphoneos*]" = "iPhone Developer";
				COPY_PHASE_STRIP = YES;
				ENABLE_NS_ASSERTIONS = NO;
				ENABLE_STRICT_OBJC_MSGSEND = YES;
				GCC_C_LANGUAGE_STANDARD = gnu99;
				GCC_WARN_64_TO_32_BIT_CONVERSION = YES;
				GCC_WARN_ABOUT_RETURN_TYPE = YES_ERROR;
				GCC_WARN_UNDECLARED_SELECTOR = YES;
				GCC_WARN_UNINITIALIZED_AUTOS = YES_AGGRESSIVE;
				GCC_WARN_UNUSED_FUNCTION = YES;
				GCC_WARN_UNUSED_VARIABLE = YES;
				IPHONEOS_DEPLOYMENT_TARGET = 8.0;
				MTL_ENABLE_DEBUG_INFO = NO;
				SDKROOT = iphoneos;
				VALIDATE_PRODUCT = YES;
			};
			name = Release;
		};
		34879BA519F4D0E100E961F2 /* Debug */ = {
			isa = XCBuildConfiguration;
			buildSettings = {
				ASSETCATALOG_COMPILER_APPICON_NAME = AppIcon;
				INFOPLIST_FILE = RunLoopDemo/Info.plist;
				IPHONEOS_DEPLOYMENT_TARGET = 7.0;
				LD_RUNPATH_SEARCH_PATHS = "$(inherited) @executable_path/Frameworks";
				PRODUCT_NAME = "$(TARGET_NAME)";
			};
			name = Debug;
		};
		34879BA619F4D0E100E961F2 /* Release */ = {
			isa = XCBuildConfiguration;
			buildSettings = {
				ASSETCATALOG_COMPILER_APPICON_NAME = AppIcon;
				INFOPLIST_FILE = RunLoopDemo/Info.plist;
				IPHONEOS_DEPLOYMENT_TARGET = 7.0;
				LD_RUNPATH_SEARCH_PATHS = "$(inherited) @executable_path/Frameworks";
				PRODUCT_NAME = "$(TARGET_NAME)";
			};
			name = Release;
		};
		34879BA819F4D0E100E961F2 /* Debug */ = {
			isa = XCBuildConfiguration;
			buildSettings = {
				BUNDLE_LOADER = "$(TEST_HOST)";
				FRAMEWORK_SEARCH_PATHS = (
					"$(SDKROOT)/Developer/Library/Frameworks",
					"$(inherited)",
				);
				GCC_PREPROCESSOR_DEFINITIONS = (
					"DEBUG=1",
					"$(inherited)",
				);
				INFOPLIST_FILE = RunLoopDemoTests/Info.plist;
				LD_RUNPATH_SEARCH_PATHS = "$(inherited) @executable_path/Frameworks @loader_path/Frameworks";
				PRODUCT_NAME = "$(TARGET_NAME)";
				TEST_HOST = "$(BUILT_PRODUCTS_DIR)/RunLoopDemo.app/RunLoopDemo";
			};
			name = Debug;
		};
		34879BA919F4D0E100E961F2 /* Release */ = {
			isa = XCBuildConfiguration;
			buildSettings = {
				BUNDLE_LOADER = "$(TEST_HOST)";
				FRAMEWORK_SEARCH_PATHS = (
					"$(SDKROOT)/Developer/Library/Frameworks",
					"$(inherited)",
				);
				INFOPLIST_FILE = RunLoopDemoTests/Info.plist;
				LD_RUNPATH_SEARCH_PATHS = "$(inherited) @executable_path/Frameworks @loader_path/Frameworks";
				PRODUCT_NAME = "$(TARGET_NAME)";
				TEST_HOST = "$(BUILT_PRODUCTS_DIR)/RunLoopDemo.app/RunLoopDemo";
			};
			name = Release;
		};
/* End XCBuildConfiguration section */

/* Begin XCConfigurationList section */
		34879B7C19F4D0E100E961F2 /* Build configuration list for PBXProject "RunLoopDemo" */ = {
			isa = XCConfigurationList;
			buildConfigurations = (
				34879BA219F4D0E100E961F2 /* Debug */,
				34879BA319F4D0E100E961F2 /* Release */,
			);
			defaultConfigurationIsVisible = 0;
			defaultConfigurationName = Release;
		};
		34879BA419F4D0E100E961F2 /* Build configuration list for PBXNativeTarget "RunLoopDemo" */ = {
			isa = XCConfigurationList;
			buildConfigurations = (
				34879BA519F4D0E100E961F2 /* Debug */,
				34879BA619F4D0E100E961F2 /* Release */,
			);
			defaultConfigurationIsVisible = 0;
			defaultConfigurationName = Release;
		};
		34879BA719F4D0E100E961F2 /* Build configuration list for PBXNativeTarget "RunLoopDemoTests" */ = {
			isa = XCConfigurationList;
			buildConfigurations = (
				34879BA819F4D0E100E961F2 /* Debug */,
				34879BA919F4D0E100E961F2 /* Release */,
			);
			defaultConfigurationIsVisible = 0;
			defaultConfigurationName = Release;
		};
/* End XCConfigurationList section */
	};
	rootObject = 34879B7919F4D0E100E961F2 /* Project object */;
}
